// !$*UTF8*$!
{
	archiveVersion = 1;
	classes = {
	};
	objectVersion = 46;
	objects = {
/* Begin PBXBuildFile section */
		00E356F31AD99517003FC87E /* uPortMobileTests.m in Sources */ = {isa = PBXBuildFile; fileRef = 00E356F21AD99517003FC87E /* uPortMobileTests.m */; };
		030297BC2005526E008D4098 /* HDSignerTests.m in Sources */ = {isa = PBXBuildFile; fileRef = 030297BB2005526E008D4098 /* HDSignerTests.m */; };
		032335471F9E62BA005306F9 /* SignerTests.m in Sources */ = {isa = PBXBuildFile; fileRef = 032335461F9E62BA005306F9 /* SignerTests.m */; };
		03459E6B1F97F372004DDC10 /* AppDelegate.m in Sources */ = {isa = PBXBuildFile; fileRef = 03459E3B1F97F371004DDC10 /* AppDelegate.m */; };
		03E8E86A1FD094A600920AA2 /* RNSNS.m in Sources */ = {isa = PBXBuildFile; fileRef = 03459E7B1F97F75D004DDC10 /* RNSNS.m */; };
		13B07FBD1A68108700A75B9A /* LaunchScreen.xib in Resources */ = {isa = PBXBuildFile; fileRef = 13B07FB11A68108700A75B9A /* LaunchScreen.xib */; };
		13B07FBF1A68108700A75B9A /* Images.xcassets in Resources */ = {isa = PBXBuildFile; fileRef = 13B07FB51A68108700A75B9A /* Images.xcassets */; };
		13B07FC11A68108700A75B9A /* main.m in Sources */ = {isa = PBXBuildFile; fileRef = 13B07FB71A68108700A75B9A /* main.m */; };
		37C333F7A29D7A35B259AEE9 /* libPods-uPortMobileTests.a in Frameworks */ = {isa = PBXBuildFile; fileRef = D4F9E56AA7F28ECB76AEA14A /* libPods-uPortMobileTests.a */; };
		48A2909E1B9189C4672E528A /* libPods-uPortMobile.a in Frameworks */ = {isa = PBXBuildFile; fileRef = 29A8F0BC3838D657404A18BF /* libPods-uPortMobile.a */; };
		70F06EA01FC5C160000BD332 /* GoogleService-Info.plist in Resources */ = {isa = PBXBuildFile; fileRef = 70F06E6E1FC5C15F000BD332 /* GoogleService-Info.plist */; };
		9645633021CBC6B100FC1C48 /* Launch.storyboard in Resources */ = {isa = PBXBuildFile; fileRef = 9645632E21CBC6B100FC1C48 /* Launch.storyboard */; };
		967B5278234B81FC007C4A35 /* libRNFirebase.a in Frameworks */ = {isa = PBXBuildFile; fileRef = 967B5275234B810A007C4A35 /* libRNFirebase.a */; };
		96EF032F2189C52600D0B280 /* Montserrat-BlackItalic.otf in Resources */ = {isa = PBXBuildFile; fileRef = 96EF031D2189C52500D0B280 /* Montserrat-BlackItalic.otf */; };
		96EF03302189C52600D0B280 /* Montserrat-Regular.otf in Resources */ = {isa = PBXBuildFile; fileRef = 96EF031E2189C52500D0B280 /* Montserrat-Regular.otf */; };
		96EF03312189C52600D0B280 /* Montserrat-ThinItalic.otf in Resources */ = {isa = PBXBuildFile; fileRef = 96EF031F2189C52500D0B280 /* Montserrat-ThinItalic.otf */; };
		96EF03322189C52600D0B280 /* Montserrat-BoldItalic.otf in Resources */ = {isa = PBXBuildFile; fileRef = 96EF03202189C52500D0B280 /* Montserrat-BoldItalic.otf */; };
		96EF03332189C52600D0B280 /* Montserrat-MediumItalic.otf in Resources */ = {isa = PBXBuildFile; fileRef = 96EF03212189C52500D0B280 /* Montserrat-MediumItalic.otf */; };
		96EF03342189C52600D0B280 /* Montserrat-Black.otf in Resources */ = {isa = PBXBuildFile; fileRef = 96EF03222189C52600D0B280 /* Montserrat-Black.otf */; };
		96EF03352189C52600D0B280 /* Montserrat-SemiBoldItalic.otf in Resources */ = {isa = PBXBuildFile; fileRef = 96EF03232189C52600D0B280 /* Montserrat-SemiBoldItalic.otf */; };
		96EF03362189C52600D0B280 /* Montserrat-ExtraBoldItalic.otf in Resources */ = {isa = PBXBuildFile; fileRef = 96EF03242189C52600D0B280 /* Montserrat-ExtraBoldItalic.otf */; };
		96EF03372189C52600D0B280 /* Montserrat-ExtraLightItalic.otf in Resources */ = {isa = PBXBuildFile; fileRef = 96EF03252189C52600D0B280 /* Montserrat-ExtraLightItalic.otf */; };
		96EF03382189C52600D0B280 /* Montserrat-ExtraLight.otf in Resources */ = {isa = PBXBuildFile; fileRef = 96EF03262189C52600D0B280 /* Montserrat-ExtraLight.otf */; };
		96EF03392189C52600D0B280 /* Montserrat-Bold.otf in Resources */ = {isa = PBXBuildFile; fileRef = 96EF03272189C52600D0B280 /* Montserrat-Bold.otf */; };
		96EF033A2189C52600D0B280 /* Montserrat-Light.otf in Resources */ = {isa = PBXBuildFile; fileRef = 96EF03282189C52600D0B280 /* Montserrat-Light.otf */; };
		96EF033B2189C52600D0B280 /* Montserrat-ExtraBold.otf in Resources */ = {isa = PBXBuildFile; fileRef = 96EF03292189C52600D0B280 /* Montserrat-ExtraBold.otf */; };
		96EF033C2189C52600D0B280 /* Montserrat-SemiBold.otf in Resources */ = {isa = PBXBuildFile; fileRef = 96EF032A2189C52600D0B280 /* Montserrat-SemiBold.otf */; };
		96EF033D2189C52600D0B280 /* Montserrat-LightItalic.otf in Resources */ = {isa = PBXBuildFile; fileRef = 96EF032B2189C52600D0B280 /* Montserrat-LightItalic.otf */; };
		96EF033E2189C52600D0B280 /* Montserrat-Medium.otf in Resources */ = {isa = PBXBuildFile; fileRef = 96EF032C2189C52600D0B280 /* Montserrat-Medium.otf */; };
		96EF033F2189C52600D0B280 /* Montserrat-Italic.otf in Resources */ = {isa = PBXBuildFile; fileRef = 96EF032D2189C52600D0B280 /* Montserrat-Italic.otf */; };
		96EF03402189C52600D0B280 /* Montserrat-Thin.otf in Resources */ = {isa = PBXBuildFile; fileRef = 96EF032E2189C52600D0B280 /* Montserrat-Thin.otf */; };
		96EF03442189D1F300D0B280 /* uport-logo-white.png in Resources */ = {isa = PBXBuildFile; fileRef = 96EF03432189D1F300D0B280 /* uport-logo-white.png */; };
/* End PBXBuildFile section */

/* Begin PBXContainerItemProxy section */
		00E356F41AD99517003FC87E /* PBXContainerItemProxy */ = {
			isa = PBXContainerItemProxy;
			containerPortal = 83CBB9F71A601CBA00E9B192 /* Project object */;
			proxyType = 1;
			remoteGlobalIDString = 13B07F861A680F5B00A75B9A;
			remoteInfo = uPortMobile;
		};
		967B5274234B810A007C4A35 /* PBXContainerItemProxy */ = {
			isa = PBXContainerItemProxy;
			containerPortal = 967B5270234B810A007C4A35 /* RNFirebase.xcodeproj */;
			proxyType = 2;
			remoteGlobalIDString = 134814201AA4EA6300B7C361;
			remoteInfo = RNFirebase;
		};
/* End PBXContainerItemProxy section */

/* Begin PBXCopyFilesBuildPhase section */
		967DADBA218B509E009D4BF0 /* Embed Frameworks */ = {
			isa = PBXCopyFilesBuildPhase;
			buildActionMask = 2147483647;
			dstPath = "";
			dstSubfolderSpec = 10;
			files = (
			);
			name = "Embed Frameworks";
			runOnlyForDeploymentPostprocessing = 0;
		};
/* End PBXCopyFilesBuildPhase section */

/* Begin PBXFileReference section */
		008F07F21AC5B25A0029DE68 /* main.jsbundle */ = {isa = PBXFileReference; fileEncoding = 4; lastKnownFileType = text; path = main.jsbundle; sourceTree = "<group>"; };
		00E356EE1AD99517003FC87E /* uPortMobileTests.xctest */ = {isa = PBXFileReference; explicitFileType = wrapper.cfbundle; includeInIndex = 0; path = uPortMobileTests.xctest; sourceTree = BUILT_PRODUCTS_DIR; };
		00E356F11AD99517003FC87E /* Info.plist */ = {isa = PBXFileReference; lastKnownFileType = text.plist.xml; path = Info.plist; sourceTree = "<group>"; };
		00E356F21AD99517003FC87E /* uPortMobileTests.m */ = {isa = PBXFileReference; lastKnownFileType = sourcecode.c.objc; path = uPortMobileTests.m; sourceTree = "<group>"; };
		030297BB2005526E008D4098 /* HDSignerTests.m */ = {isa = PBXFileReference; lastKnownFileType = sourcecode.c.objc; path = HDSignerTests.m; sourceTree = "<group>"; };
		032335461F9E62BA005306F9 /* SignerTests.m */ = {isa = PBXFileReference; lastKnownFileType = sourcecode.c.objc; path = SignerTests.m; sourceTree = "<group>"; };
		03459E3B1F97F371004DDC10 /* AppDelegate.m */ = {isa = PBXFileReference; lastKnownFileType = sourcecode.c.objc; name = AppDelegate.m; path = uPortMobile/Classes/AppDelegate.m; sourceTree = "<group>"; };
		03459E6A1F97F372004DDC10 /* AppDelegate.h */ = {isa = PBXFileReference; lastKnownFileType = sourcecode.c.h; name = AppDelegate.h; path = uPortMobile/Classes/AppDelegate.h; sourceTree = "<group>"; };
		03459E7B1F97F75D004DDC10 /* RNSNS.m */ = {isa = PBXFileReference; lastKnownFileType = sourcecode.c.objc; name = RNSNS.m; path = uPortMobile/Classes/RNSNS.m; sourceTree = "<group>"; };
		03459E7C1F97F75D004DDC10 /* RNSNS.h */ = {isa = PBXFileReference; lastKnownFileType = sourcecode.c.h; name = RNSNS.h; path = uPortMobile/Classes/RNSNS.h; sourceTree = "<group>"; };
		037EA23E1F75DB850015DD6A /* uPortMobile-Bridging-Header.h */ = {isa = PBXFileReference; lastKnownFileType = sourcecode.c.h; path = "uPortMobile-Bridging-Header.h"; sourceTree = "<group>"; };
		038F14D91F9547C500DF45E1 /* keccak.c */ = {isa = PBXFileReference; lastKnownFileType = sourcecode.c.c; name = keccak.c; path = uPortMobile/keccak.c; sourceTree = "<group>"; };
		038F14DA1F9547C500DF45E1 /* keccak.h */ = {isa = PBXFileReference; lastKnownFileType = sourcecode.c.h; name = keccak.h; path = uPortMobile/keccak.h; sourceTree = "<group>"; };
		040ED473DFF6F76B6ECF7F5C /* Pods-uPortMobileTests.release.xcconfig */ = {isa = PBXFileReference; includeInIndex = 1; lastKnownFileType = text.xcconfig; name = "Pods-uPortMobileTests.release.xcconfig"; path = "Target Support Files/Pods-uPortMobileTests/Pods-uPortMobileTests.release.xcconfig"; sourceTree = "<group>"; };
		0B137393457A4411B6A82656 /* libTouchID.a */ = {isa = PBXFileReference; explicitFileType = undefined; fileEncoding = 9; includeInIndex = 0; lastKnownFileType = archive.ar; path = libTouchID.a; sourceTree = "<group>"; };
		0FF12F882F814AF2842C390A /* libRNKeychain.a */ = {isa = PBXFileReference; explicitFileType = undefined; fileEncoding = 9; includeInIndex = 0; lastKnownFileType = archive.ar; path = libRNKeychain.a; sourceTree = "<group>"; };
		13B07F961A680F5B00A75B9A /* uPort.app */ = {isa = PBXFileReference; explicitFileType = wrapper.application; includeInIndex = 0; path = uPort.app; sourceTree = BUILT_PRODUCTS_DIR; };
		13B07FB21A68108700A75B9A /* Base */ = {isa = PBXFileReference; lastKnownFileType = file.xib; name = Base; path = Base.lproj/LaunchScreen.xib; sourceTree = "<group>"; };
		13B07FB51A68108700A75B9A /* Images.xcassets */ = {isa = PBXFileReference; lastKnownFileType = folder.assetcatalog; name = Images.xcassets; path = uPortMobile/Images.xcassets; sourceTree = "<group>"; };
		13B07FB61A68108700A75B9A /* Info.plist */ = {isa = PBXFileReference; fileEncoding = 4; lastKnownFileType = text.plist.xml; name = Info.plist; path = uPortMobile/Info.plist; sourceTree = "<group>"; };
		13B07FB71A68108700A75B9A /* main.m */ = {isa = PBXFileReference; fileEncoding = 4; lastKnownFileType = sourcecode.c.objc; name = main.m; path = uPortMobile/main.m; sourceTree = "<group>"; };
		16999B55454D4C328D7FACD3 /* libRNImagePicker.a */ = {isa = PBXFileReference; explicitFileType = undefined; fileEncoding = 9; includeInIndex = 0; lastKnownFileType = archive.ar; path = libRNImagePicker.a; sourceTree = "<group>"; };
		2287C0EB70D14ECEA474A926 /* libz.tbd */ = {isa = PBXFileReference; explicitFileType = undefined; fileEncoding = 9; includeInIndex = 0; lastKnownFileType = "sourcecode.text-based-dylib-definition"; name = libz.tbd; path = usr/lib/libz.tbd; sourceTree = SDKROOT; };
		289853C83AB34F71A0C5CBB6 /* libRCTCamera.a */ = {isa = PBXFileReference; explicitFileType = undefined; fileEncoding = 9; includeInIndex = 0; lastKnownFileType = archive.ar; path = libRCTCamera.a; sourceTree = "<group>"; };
		29A8F0BC3838D657404A18BF /* libPods-uPortMobile.a */ = {isa = PBXFileReference; explicitFileType = archive.ar; includeInIndex = 0; path = "libPods-uPortMobile.a"; sourceTree = BUILT_PRODUCTS_DIR; };
		2B50108A2C9348E08E763F64 /* libReactNativePermissions.a */ = {isa = PBXFileReference; explicitFileType = undefined; fileEncoding = 9; includeInIndex = 0; lastKnownFileType = archive.ar; path = libReactNativePermissions.a; sourceTree = "<group>"; };
		33447046707947CCB022ECCA /* libRNDeviceInfo.a */ = {isa = PBXFileReference; explicitFileType = undefined; fileEncoding = 9; includeInIndex = 0; lastKnownFileType = archive.ar; path = libRNDeviceInfo.a; sourceTree = "<group>"; };
		3F473FD8BE754AA592BCA8F9 /* libRNFetchBlob.a */ = {isa = PBXFileReference; explicitFileType = undefined; fileEncoding = 9; includeInIndex = 0; lastKnownFileType = archive.ar; path = libRNFetchBlob.a; sourceTree = "<group>"; };
		5268696FF6F94335993C6940 /* libRNVectorIcons.a */ = {isa = PBXFileReference; explicitFileType = undefined; fileEncoding = 9; includeInIndex = 0; lastKnownFileType = archive.ar; path = libRNVectorIcons.a; sourceTree = "<group>"; };
		53BD4E777702EEA4E75A4EFB /* Pods-uPortMobile.release.xcconfig */ = {isa = PBXFileReference; includeInIndex = 1; lastKnownFileType = text.xcconfig; name = "Pods-uPortMobile.release.xcconfig"; path = "Target Support Files/Pods-uPortMobile/Pods-uPortMobile.release.xcconfig"; sourceTree = "<group>"; };
		544D74BA2AF94BF89CBE0725 /* libRNRandomBytes.a */ = {isa = PBXFileReference; explicitFileType = undefined; fileEncoding = 9; includeInIndex = 0; lastKnownFileType = archive.ar; path = libRNRandomBytes.a; sourceTree = "<group>"; };
		601B76DB1D410D3F00F62DDB /* Fabric.framework */ = {isa = PBXFileReference; lastKnownFileType = wrapper.framework; path = Fabric.framework; sourceTree = "<group>"; };
		601B76DC1D410D3F00F62DDB /* Crashlytics.framework */ = {isa = PBXFileReference; lastKnownFileType = wrapper.framework; path = Crashlytics.framework; sourceTree = "<group>"; };
		64E92F5B1D8CCCED0001FE7A /* uPort.entitlements */ = {isa = PBXFileReference; lastKnownFileType = text.plist.entitlements; name = uPort.entitlements; path = uPortMobile/uPort.entitlements; sourceTree = "<group>"; };
		70304EFC221EB2DD0092DB60 /* Social.framework */ = {isa = PBXFileReference; lastKnownFileType = wrapper.framework; name = Social.framework; path = System/Library/Frameworks/Social.framework; sourceTree = SDKROOT; };
		70304EFE221EB2E50092DB60 /* MessageUI.framework */ = {isa = PBXFileReference; lastKnownFileType = wrapper.framework; name = MessageUI.framework; path = System/Library/Frameworks/MessageUI.framework; sourceTree = SDKROOT; };
		70F06E6E1FC5C15F000BD332 /* GoogleService-Info.plist */ = {isa = PBXFileReference; fileEncoding = 4; lastKnownFileType = text.plist.xml; name = "GoogleService-Info.plist"; path = "uPortMobile/GoogleService-Info.plist"; sourceTree = "<group>"; };
		8A2A4D5B51F89E9C74448019 /* Pods-uPortMobile.debug.xcconfig */ = {isa = PBXFileReference; includeInIndex = 1; lastKnownFileType = text.xcconfig; name = "Pods-uPortMobile.debug.xcconfig"; path = "Target Support Files/Pods-uPortMobile/Pods-uPortMobile.debug.xcconfig"; sourceTree = "<group>"; };
		9645632F21CBC6B100FC1C48 /* Base */ = {isa = PBXFileReference; lastKnownFileType = file.storyboard; name = Base; path = uPortMobile/Base.lproj/Launch.storyboard; sourceTree = "<group>"; };
		967B5270234B810A007C4A35 /* RNFirebase.xcodeproj */ = {isa = PBXFileReference; lastKnownFileType = "wrapper.pb-project"; name = RNFirebase.xcodeproj; path = "../node_modules/react-native-firebase/ios/RNFirebase.xcodeproj"; sourceTree = "<group>"; };
		9688718E2D954B93AD154055 /* libRNSVG.a */ = {isa = PBXFileReference; explicitFileType = undefined; fileEncoding = 9; includeInIndex = 0; lastKnownFileType = archive.ar; path = libRNSVG.a; sourceTree = "<group>"; };
		96CFFD752295665E003A9AAB /* JavaScriptCore.framework */ = {isa = PBXFileReference; lastKnownFileType = wrapper.framework; name = JavaScriptCore.framework; path = System/Library/Frameworks/JavaScriptCore.framework; sourceTree = SDKROOT; };
		96EF031D2189C52500D0B280 /* Montserrat-BlackItalic.otf */ = {isa = PBXFileReference; lastKnownFileType = file; name = "Montserrat-BlackItalic.otf"; path = "../assets/fonts/Montserrat-BlackItalic.otf"; sourceTree = "<group>"; };
		96EF031E2189C52500D0B280 /* Montserrat-Regular.otf */ = {isa = PBXFileReference; lastKnownFileType = file; name = "Montserrat-Regular.otf"; path = "../assets/fonts/Montserrat-Regular.otf"; sourceTree = "<group>"; };
		96EF031F2189C52500D0B280 /* Montserrat-ThinItalic.otf */ = {isa = PBXFileReference; lastKnownFileType = file; name = "Montserrat-ThinItalic.otf"; path = "../assets/fonts/Montserrat-ThinItalic.otf"; sourceTree = "<group>"; };
		96EF03202189C52500D0B280 /* Montserrat-BoldItalic.otf */ = {isa = PBXFileReference; lastKnownFileType = file; name = "Montserrat-BoldItalic.otf"; path = "../assets/fonts/Montserrat-BoldItalic.otf"; sourceTree = "<group>"; };
		96EF03212189C52500D0B280 /* Montserrat-MediumItalic.otf */ = {isa = PBXFileReference; lastKnownFileType = file; name = "Montserrat-MediumItalic.otf"; path = "../assets/fonts/Montserrat-MediumItalic.otf"; sourceTree = "<group>"; };
		96EF03222189C52600D0B280 /* Montserrat-Black.otf */ = {isa = PBXFileReference; lastKnownFileType = file; name = "Montserrat-Black.otf"; path = "../assets/fonts/Montserrat-Black.otf"; sourceTree = "<group>"; };
		96EF03232189C52600D0B280 /* Montserrat-SemiBoldItalic.otf */ = {isa = PBXFileReference; lastKnownFileType = file; name = "Montserrat-SemiBoldItalic.otf"; path = "../assets/fonts/Montserrat-SemiBoldItalic.otf"; sourceTree = "<group>"; };
		96EF03242189C52600D0B280 /* Montserrat-ExtraBoldItalic.otf */ = {isa = PBXFileReference; lastKnownFileType = file; name = "Montserrat-ExtraBoldItalic.otf"; path = "../assets/fonts/Montserrat-ExtraBoldItalic.otf"; sourceTree = "<group>"; };
		96EF03252189C52600D0B280 /* Montserrat-ExtraLightItalic.otf */ = {isa = PBXFileReference; lastKnownFileType = file; name = "Montserrat-ExtraLightItalic.otf"; path = "../assets/fonts/Montserrat-ExtraLightItalic.otf"; sourceTree = "<group>"; };
		96EF03262189C52600D0B280 /* Montserrat-ExtraLight.otf */ = {isa = PBXFileReference; lastKnownFileType = file; name = "Montserrat-ExtraLight.otf"; path = "../assets/fonts/Montserrat-ExtraLight.otf"; sourceTree = "<group>"; };
		96EF03272189C52600D0B280 /* Montserrat-Bold.otf */ = {isa = PBXFileReference; lastKnownFileType = file; name = "Montserrat-Bold.otf"; path = "../assets/fonts/Montserrat-Bold.otf"; sourceTree = "<group>"; };
		96EF03282189C52600D0B280 /* Montserrat-Light.otf */ = {isa = PBXFileReference; lastKnownFileType = file; name = "Montserrat-Light.otf"; path = "../assets/fonts/Montserrat-Light.otf"; sourceTree = "<group>"; };
		96EF03292189C52600D0B280 /* Montserrat-ExtraBold.otf */ = {isa = PBXFileReference; lastKnownFileType = file; name = "Montserrat-ExtraBold.otf"; path = "../assets/fonts/Montserrat-ExtraBold.otf"; sourceTree = "<group>"; };
		96EF032A2189C52600D0B280 /* Montserrat-SemiBold.otf */ = {isa = PBXFileReference; lastKnownFileType = file; name = "Montserrat-SemiBold.otf"; path = "../assets/fonts/Montserrat-SemiBold.otf"; sourceTree = "<group>"; };
		96EF032B2189C52600D0B280 /* Montserrat-LightItalic.otf */ = {isa = PBXFileReference; lastKnownFileType = file; name = "Montserrat-LightItalic.otf"; path = "../assets/fonts/Montserrat-LightItalic.otf"; sourceTree = "<group>"; };
		96EF032C2189C52600D0B280 /* Montserrat-Medium.otf */ = {isa = PBXFileReference; lastKnownFileType = file; name = "Montserrat-Medium.otf"; path = "../assets/fonts/Montserrat-Medium.otf"; sourceTree = "<group>"; };
		96EF032D2189C52600D0B280 /* Montserrat-Italic.otf */ = {isa = PBXFileReference; lastKnownFileType = file; name = "Montserrat-Italic.otf"; path = "../assets/fonts/Montserrat-Italic.otf"; sourceTree = "<group>"; };
		96EF032E2189C52600D0B280 /* Montserrat-Thin.otf */ = {isa = PBXFileReference; lastKnownFileType = file; name = "Montserrat-Thin.otf"; path = "../assets/fonts/Montserrat-Thin.otf"; sourceTree = "<group>"; };
		96EF03432189D1F300D0B280 /* uport-logo-white.png */ = {isa = PBXFileReference; lastKnownFileType = image.png; name = "uport-logo-white.png"; path = "../assets/images/uport-logo-white.png"; sourceTree = "<group>"; };
		BE4808EA30EA4B79B99DD6D0 /* libRNFirebase.a */ = {isa = PBXFileReference; explicitFileType = undefined; fileEncoding = 9; includeInIndex = 0; lastKnownFileType = archive.ar; path = libRNFirebase.a; sourceTree = "<group>"; };
		C660218B00BD5D5D097ED656 /* Pods-uPortMobileTests.debug.xcconfig */ = {isa = PBXFileReference; includeInIndex = 1; lastKnownFileType = text.xcconfig; name = "Pods-uPortMobileTests.debug.xcconfig"; path = "Target Support Files/Pods-uPortMobileTests/Pods-uPortMobileTests.debug.xcconfig"; sourceTree = "<group>"; };
		D4F9E56AA7F28ECB76AEA14A /* libPods-uPortMobileTests.a */ = {isa = PBXFileReference; explicitFileType = archive.ar; includeInIndex = 0; path = "libPods-uPortMobileTests.a"; sourceTree = BUILT_PRODUCTS_DIR; };
		E7319A7A6E974F709EFB2571 /* libRNIntercom.a */ = {isa = PBXFileReference; explicitFileType = undefined; fileEncoding = 9; includeInIndex = 0; lastKnownFileType = archive.ar; path = libRNIntercom.a; sourceTree = "<group>"; };
		EBB278FF1A5046B9972A3597 /* libPasscodeAuth.a */ = {isa = PBXFileReference; explicitFileType = undefined; fileEncoding = 9; includeInIndex = 0; lastKnownFileType = archive.ar; path = libPasscodeAuth.a; sourceTree = "<group>"; };
/* End PBXFileReference section */

/* Begin PBXFrameworksBuildPhase section */
		00E356EB1AD99517003FC87E /* Frameworks */ = {
			isa = PBXFrameworksBuildPhase;
			buildActionMask = 2147483647;
			files = (
				37C333F7A29D7A35B259AEE9 /* libPods-uPortMobileTests.a in Frameworks */,
			);
			runOnlyForDeploymentPostprocessing = 0;
		};
		13B07F8C1A680F5B00A75B9A /* Frameworks */ = {
			isa = PBXFrameworksBuildPhase;
			buildActionMask = 2147483647;
			files = (
				967B5278234B81FC007C4A35 /* libRNFirebase.a in Frameworks */,
				48A2909E1B9189C4672E528A /* libPods-uPortMobile.a in Frameworks */,
			);
			runOnlyForDeploymentPostprocessing = 0;
		};
/* End PBXFrameworksBuildPhase section */

/* Begin PBXGroup section */
		00E356EF1AD99517003FC87E /* uPortMobileTests */ = {
			isa = PBXGroup;
			children = (
				00E356F21AD99517003FC87E /* uPortMobileTests.m */,
				032335461F9E62BA005306F9 /* SignerTests.m */,
				030297BB2005526E008D4098 /* HDSignerTests.m */,
				00E356F01AD99517003FC87E /* Supporting Files */,
			);
			path = uPortMobileTests;
			sourceTree = "<group>";
		};
		00E356F01AD99517003FC87E /* Supporting Files */ = {
			isa = PBXGroup;
			children = (
				00E356F11AD99517003FC87E /* Info.plist */,
			);
			name = "Supporting Files";
			sourceTree = "<group>";
		};
		03459E7A1F97F707004DDC10 /* PushNotifications */ = {
			isa = PBXGroup;
			children = (
				03459E7C1F97F75D004DDC10 /* RNSNS.h */,
				03459E7B1F97F75D004DDC10 /* RNSNS.m */,
			);
			name = PushNotifications;
			sourceTree = "<group>";
		};
		037EA1F41F75D8820015DD6A /* Classes */ = {
			isa = PBXGroup;
			children = (
				03459E7A1F97F707004DDC10 /* PushNotifications */,
				038F14D91F9547C500DF45E1 /* keccak.c */,
				038F14DA1F9547C500DF45E1 /* keccak.h */,
				03459E6A1F97F372004DDC10 /* AppDelegate.h */,
				03459E3B1F97F371004DDC10 /* AppDelegate.m */,
			);
			name = Classes;
			sourceTree = "<group>";
		};
		038F15CB1F9692D500DF45E1 /* SupportingFiles */ = {
			isa = PBXGroup;
			children = (
				037EA23E1F75DB850015DD6A /* uPortMobile-Bridging-Header.h */,
				64E92F5B1D8CCCED0001FE7A /* uPort.entitlements */,
				13B07FB61A68108700A75B9A /* Info.plist */,
				13B07FB11A68108700A75B9A /* LaunchScreen.xib */,
				13B07FB71A68108700A75B9A /* main.m */,
				9645632E21CBC6B100FC1C48 /* Launch.storyboard */,
			);
			name = SupportingFiles;
			sourceTree = "<group>";
		};
		13B07FAE1A68108700A75B9A /* uPortMobile */ = {
			isa = PBXGroup;
			children = (
				70F06E6E1FC5C15F000BD332 /* GoogleService-Info.plist */,
				038F15CB1F9692D500DF45E1 /* SupportingFiles */,
				037EA1F41F75D8820015DD6A /* Classes */,
				008F07F21AC5B25A0029DE68 /* main.jsbundle */,
				13B07FB51A68108700A75B9A /* Images.xcassets */,
			);
			name = uPortMobile;
			sourceTree = "<group>";
		};
		240B33BF22EF467CB324BAB2 /* Frameworks */ = {
			isa = PBXGroup;
			children = (
				96CFFD752295665E003A9AAB /* JavaScriptCore.framework */,
				70304EFE221EB2E50092DB60 /* MessageUI.framework */,
				70304EFC221EB2DD0092DB60 /* Social.framework */,
				2287C0EB70D14ECEA474A926 /* libz.tbd */,
				29A8F0BC3838D657404A18BF /* libPods-uPortMobile.a */,
				D4F9E56AA7F28ECB76AEA14A /* libPods-uPortMobileTests.a */,
			);
			name = Frameworks;
			sourceTree = "<group>";
		};
		4D8FE2605A504D3895725F78 /* Resources */ = {
			isa = PBXGroup;
			children = (
				96EF03422189D1CA00D0B280 /* Images */,
				96EF03062189C47500D0B280 /* Fonts */,
				601B76DB1D410D3F00F62DDB /* Fabric.framework */,
				601B76DC1D410D3F00F62DDB /* Crashlytics.framework */,
			);
			name = Resources;
			sourceTree = "<group>";
		};
		602ED0381F745AD100248A8B /* Recovered References */ = {
			isa = PBXGroup;
			children = (
				289853C83AB34F71A0C5CBB6 /* libRCTCamera.a */,
				0FF12F882F814AF2842C390A /* libRNKeychain.a */,
				EBB278FF1A5046B9972A3597 /* libPasscodeAuth.a */,
				544D74BA2AF94BF89CBE0725 /* libRNRandomBytes.a */,
				0B137393457A4411B6A82656 /* libTouchID.a */,
				16999B55454D4C328D7FACD3 /* libRNImagePicker.a */,
				2B50108A2C9348E08E763F64 /* libReactNativePermissions.a */,
				5268696FF6F94335993C6940 /* libRNVectorIcons.a */,
				3F473FD8BE754AA592BCA8F9 /* libRNFetchBlob.a */,
				33447046707947CCB022ECCA /* libRNDeviceInfo.a */,
				E7319A7A6E974F709EFB2571 /* libRNIntercom.a */,
				9688718E2D954B93AD154055 /* libRNSVG.a */,
				BE4808EA30EA4B79B99DD6D0 /* libRNFirebase.a */,
			);
			name = "Recovered References";
			sourceTree = "<group>";
		};
		832341AE1AAA6A7D00B99B32 /* Libraries */ = {
			isa = PBXGroup;
			children = (
				967B5270234B810A007C4A35 /* RNFirebase.xcodeproj */,
			);
			name = Libraries;
			sourceTree = "<group>";
		};
		83CBB9F61A601CBA00E9B192 = {
			isa = PBXGroup;
			children = (
				13B07FAE1A68108700A75B9A /* uPortMobile */,
				832341AE1AAA6A7D00B99B32 /* Libraries */,
				00E356EF1AD99517003FC87E /* uPortMobileTests */,
				83CBBA001A601CBA00E9B192 /* Products */,
				4D8FE2605A504D3895725F78 /* Resources */,
				240B33BF22EF467CB324BAB2 /* Frameworks */,
				602ED0381F745AD100248A8B /* Recovered References */,
				E209C3CD837ECAD0C0C67F99 /* Pods */,
			);
			indentWidth = 2;
			sourceTree = "<group>";
			tabWidth = 2;
		};
		83CBBA001A601CBA00E9B192 /* Products */ = {
			isa = PBXGroup;
			children = (
				13B07F961A680F5B00A75B9A /* uPort.app */,
				00E356EE1AD99517003FC87E /* uPortMobileTests.xctest */,
			);
			name = Products;
			sourceTree = "<group>";
		};
		967B5271234B810A007C4A35 /* Products */ = {
			isa = PBXGroup;
			children = (
				967B5275234B810A007C4A35 /* libRNFirebase.a */,
			);
			name = Products;
			sourceTree = "<group>";
		};
		96EF03062189C47500D0B280 /* Fonts */ = {
			isa = PBXGroup;
			children = (
				96EF03222189C52600D0B280 /* Montserrat-Black.otf */,
				96EF031D2189C52500D0B280 /* Montserrat-BlackItalic.otf */,
				96EF03272189C52600D0B280 /* Montserrat-Bold.otf */,
				96EF03202189C52500D0B280 /* Montserrat-BoldItalic.otf */,
				96EF03292189C52600D0B280 /* Montserrat-ExtraBold.otf */,
				96EF03242189C52600D0B280 /* Montserrat-ExtraBoldItalic.otf */,
				96EF03262189C52600D0B280 /* Montserrat-ExtraLight.otf */,
				96EF03252189C52600D0B280 /* Montserrat-ExtraLightItalic.otf */,
				96EF032D2189C52600D0B280 /* Montserrat-Italic.otf */,
				96EF03282189C52600D0B280 /* Montserrat-Light.otf */,
				96EF032B2189C52600D0B280 /* Montserrat-LightItalic.otf */,
				96EF032C2189C52600D0B280 /* Montserrat-Medium.otf */,
				96EF03212189C52500D0B280 /* Montserrat-MediumItalic.otf */,
				96EF031E2189C52500D0B280 /* Montserrat-Regular.otf */,
				96EF032A2189C52600D0B280 /* Montserrat-SemiBold.otf */,
				96EF03232189C52600D0B280 /* Montserrat-SemiBoldItalic.otf */,
				96EF032E2189C52600D0B280 /* Montserrat-Thin.otf */,
				96EF031F2189C52500D0B280 /* Montserrat-ThinItalic.otf */,
				96F3C95821C12981006806BE /* AntDesign.ttf */,
				96EF03092189C50B00D0B280 /* Entypo.ttf */,
				96EF03082189C50B00D0B280 /* EvilIcons.ttf */,
				96EF03072189C50B00D0B280 /* Feather.ttf */,
				96EF030B2189C50B00D0B280 /* FontAwesome.ttf */,
				96EF030A2189C50B00D0B280 /* Foundation.ttf */,
				96EF030F2189C50C00D0B280 /* Ionicons.ttf */,
				96EF03112189C50C00D0B280 /* MaterialCommunityIcons.ttf */,
				96EF03102189C50C00D0B280 /* MaterialIcons.ttf */,
				96EF030C2189C50B00D0B280 /* Octicons.ttf */,
				96EF030D2189C50B00D0B280 /* SimpleLineIcons.ttf */,
				96EF030E2189C50B00D0B280 /* Zocial.ttf */,
			);
			name = Fonts;
			sourceTree = "<group>";
		};
		96EF03422189D1CA00D0B280 /* Images */ = {
			isa = PBXGroup;
			children = (
				96EF03432189D1F300D0B280 /* uport-logo-white.png */,
			);
			name = Images;
			sourceTree = "<group>";
		};
		E209C3CD837ECAD0C0C67F99 /* Pods */ = {
			isa = PBXGroup;
			children = (
				8A2A4D5B51F89E9C74448019 /* Pods-uPortMobile.debug.xcconfig */,
				53BD4E777702EEA4E75A4EFB /* Pods-uPortMobile.release.xcconfig */,
				C660218B00BD5D5D097ED656 /* Pods-uPortMobileTests.debug.xcconfig */,
				040ED473DFF6F76B6ECF7F5C /* Pods-uPortMobileTests.release.xcconfig */,
			);
			path = Pods;
			sourceTree = "<group>";
		};
/* End PBXGroup section */

/* Begin PBXNativeTarget section */
		00E356ED1AD99517003FC87E /* uPortMobileTests */ = {
			isa = PBXNativeTarget;
			buildConfigurationList = 00E357021AD99517003FC87E /* Build configuration list for PBXNativeTarget "uPortMobileTests" */;
			buildPhases = (
				1E6F0E1BE3DCA71E52E85485 /* [CP] Check Pods Manifest.lock */,
				00E356EA1AD99517003FC87E /* Sources */,
				00E356EB1AD99517003FC87E /* Frameworks */,
				00E356EC1AD99517003FC87E /* Resources */,
			);
			buildRules = (
			);
			dependencies = (
				00E356F51AD99517003FC87E /* PBXTargetDependency */,
			);
			name = uPortMobileTests;
			productName = uPortMobileTests;
			productReference = 00E356EE1AD99517003FC87E /* uPortMobileTests.xctest */;
			productType = "com.apple.product-type.bundle.unit-test";
		};
		13B07F861A680F5B00A75B9A /* uPortMobile */ = {
			isa = PBXNativeTarget;
			buildConfigurationList = 13B07F931A680F5B00A75B9A /* Build configuration list for PBXNativeTarget "uPortMobile" */;
			buildPhases = (
				CAA4202F74D8C0BF258E3A09 /* [CP] Check Pods Manifest.lock */,
				96C5F145234B858300496176 /* Start Packager */,
				13B07F871A680F5B00A75B9A /* Sources */,
				13B07F8C1A680F5B00A75B9A /* Frameworks */,
				13B07F8E1A680F5B00A75B9A /* Resources */,
				00DD1BFF1BD5951E006B06BC /* Bundle React Native code and images */,
				967DADBA218B509E009D4BF0 /* Embed Frameworks */,
				2CBB36382AC6DF1F2BEE8677 /* [CP] Copy Pods Resources */,
			);
			buildRules = (
			);
			dependencies = (
			);
			name = uPortMobile;
			productName = "Hello World";
			productReference = 13B07F961A680F5B00A75B9A /* uPort.app */;
			productType = "com.apple.product-type.application";
		};
/* End PBXNativeTarget section */

/* Begin PBXProject section */
		83CBB9F71A601CBA00E9B192 /* Project object */ = {
			isa = PBXProject;
			attributes = {
				LastUpgradeCheck = 810;
				ORGANIZATIONNAME = Facebook;
				TargetAttributes = {
					00E356ED1AD99517003FC87E = {
						CreatedOnToolsVersion = 6.2;
						DevelopmentTeam = 82SAVLYZ3K;
						ProvisioningStyle = Manual;
						TestTargetID = 13B07F861A680F5B00A75B9A;
					};
					13B07F861A680F5B00A75B9A = {
						DevelopmentTeam = 82SAVLYZ3K;
						LastSwiftMigration = 900;
						ProvisioningStyle = Manual;
						SystemCapabilities = {
							com.apple.BackgroundModes = {
								enabled = 1;
							};
							com.apple.DataProtection = {
								enabled = 1;
							};
							com.apple.Keychain = {
								enabled = 1;
							};
							com.apple.Push = {
								enabled = 1;
							};
							com.apple.SafariKeychain = {
								enabled = 1;
							};
						};
					};
				};
			};
			buildConfigurationList = 83CBB9FA1A601CBA00E9B192 /* Build configuration list for PBXProject "uPortMobile" */;
			compatibilityVersion = "Xcode 3.2";
			developmentRegion = English;
			hasScannedForEncodings = 0;
			knownRegions = (
				English,
				en,
				Base,
			);
			mainGroup = 83CBB9F61A601CBA00E9B192;
			productRefGroup = 83CBBA001A601CBA00E9B192 /* Products */;
			projectDirPath = "";
			projectReferences = (
				{
					ProductGroup = 967B5271234B810A007C4A35 /* Products */;
					ProjectRef = 967B5270234B810A007C4A35 /* RNFirebase.xcodeproj */;
				},
			);
			projectRoot = "";
			targets = (
				13B07F861A680F5B00A75B9A /* uPortMobile */,
				00E356ED1AD99517003FC87E /* uPortMobileTests */,
			);
		};
/* End PBXProject section */

/* Begin PBXReferenceProxy section */
		967B5275234B810A007C4A35 /* libRNFirebase.a */ = {
			isa = PBXReferenceProxy;
			fileType = archive.ar;
			path = libRNFirebase.a;
			remoteRef = 967B5274234B810A007C4A35 /* PBXContainerItemProxy */;
			sourceTree = BUILT_PRODUCTS_DIR;
		};
/* End PBXReferenceProxy section */

/* Begin PBXResourcesBuildPhase section */
		00E356EC1AD99517003FC87E /* Resources */ = {
			isa = PBXResourcesBuildPhase;
			buildActionMask = 2147483647;
			files = (
			);
			runOnlyForDeploymentPostprocessing = 0;
		};
		13B07F8E1A680F5B00A75B9A /* Resources */ = {
			isa = PBXResourcesBuildPhase;
			buildActionMask = 2147483647;
			files = (
				96EF033B2189C52600D0B280 /* Montserrat-ExtraBold.otf in Resources */,
				96EF032F2189C52600D0B280 /* Montserrat-BlackItalic.otf in Resources */,
				96EF03332189C52600D0B280 /* Montserrat-MediumItalic.otf in Resources */,
				96EF033A2189C52600D0B280 /* Montserrat-Light.otf in Resources */,
				9645633021CBC6B100FC1C48 /* Launch.storyboard in Resources */,
				96EF03382189C52600D0B280 /* Montserrat-ExtraLight.otf in Resources */,
				96EF033C2189C52600D0B280 /* Montserrat-SemiBold.otf in Resources */,
				96EF033D2189C52600D0B280 /* Montserrat-LightItalic.otf in Resources */,
				96EF03362189C52600D0B280 /* Montserrat-ExtraBoldItalic.otf in Resources */,
				96EF03302189C52600D0B280 /* Montserrat-Regular.otf in Resources */,
				96EF03402189C52600D0B280 /* Montserrat-Thin.otf in Resources */,
				96EF03352189C52600D0B280 /* Montserrat-SemiBoldItalic.otf in Resources */,
				96EF03342189C52600D0B280 /* Montserrat-Black.otf in Resources */,
				96EF03372189C52600D0B280 /* Montserrat-ExtraLightItalic.otf in Resources */,
				96EF03392189C52600D0B280 /* Montserrat-Bold.otf in Resources */,
				96EF03312189C52600D0B280 /* Montserrat-ThinItalic.otf in Resources */,
				96EF03322189C52600D0B280 /* Montserrat-BoldItalic.otf in Resources */,
				96EF033F2189C52600D0B280 /* Montserrat-Italic.otf in Resources */,
				96EF033E2189C52600D0B280 /* Montserrat-Medium.otf in Resources */,
				13B07FBD1A68108700A75B9A /* LaunchScreen.xib in Resources */,
				70F06EA01FC5C160000BD332 /* GoogleService-Info.plist in Resources */,
				96EF03442189D1F300D0B280 /* uport-logo-white.png in Resources */,
				13B07FBF1A68108700A75B9A /* Images.xcassets in Resources */,
			);
			runOnlyForDeploymentPostprocessing = 0;
		};
/* End PBXResourcesBuildPhase section */

/* Begin PBXShellScriptBuildPhase section */
		00DD1BFF1BD5951E006B06BC /* Bundle React Native code and images */ = {
			isa = PBXShellScriptBuildPhase;
			buildActionMask = 2147483647;
			files = (
			);
			inputPaths = (
			);
			name = "Bundle React Native code and images";
			outputPaths = (
			);
			runOnlyForDeploymentPostprocessing = 0;
			shellPath = /bin/sh;
			shellScript = "export NODE_BINARY=node NODE_ARGS=\"--max-old-space-size=8192\"\n ../node_modules/react-native/scripts/react-native-xcode.sh\n";
		};
		1E6F0E1BE3DCA71E52E85485 /* [CP] Check Pods Manifest.lock */ = {
			isa = PBXShellScriptBuildPhase;
			buildActionMask = 2147483647;
			files = (
			);
			inputFileListPaths = (
			);
			inputPaths = (
				"${PODS_PODFILE_DIR_PATH}/Podfile.lock",
				"${PODS_ROOT}/Manifest.lock",
			);
			name = "[CP] Check Pods Manifest.lock";
			outputFileListPaths = (
			);
			outputPaths = (
				"$(DERIVED_FILE_DIR)/Pods-uPortMobileTests-checkManifestLockResult.txt",
			);
			runOnlyForDeploymentPostprocessing = 0;
			shellPath = /bin/sh;
			shellScript = "diff \"${PODS_PODFILE_DIR_PATH}/Podfile.lock\" \"${PODS_ROOT}/Manifest.lock\" > /dev/null\nif [ $? != 0 ] ; then\n    # print error to STDERR\n    echo \"error: The sandbox is not in sync with the Podfile.lock. Run 'pod install' or update your CocoaPods installation.\" >&2\n    exit 1\nfi\n# This output is used by Xcode 'outputs' to avoid re-running this script phase.\necho \"SUCCESS\" > \"${SCRIPT_OUTPUT_FILE_0}\"\n";
			showEnvVarsInLog = 0;
		};
		2CBB36382AC6DF1F2BEE8677 /* [CP] Copy Pods Resources */ = {
			isa = PBXShellScriptBuildPhase;
			buildActionMask = 2147483647;
			files = (
			);
			inputPaths = (
				"${PODS_ROOT}/Target Support Files/Pods-uPortMobile/Pods-uPortMobile-resources.sh",
				"${PODS_ROOT}/../../node_modules/react-native-vector-icons/Fonts/AntDesign.ttf",
				"${PODS_ROOT}/../../node_modules/react-native-vector-icons/Fonts/Entypo.ttf",
				"${PODS_ROOT}/../../node_modules/react-native-vector-icons/Fonts/EvilIcons.ttf",
				"${PODS_ROOT}/../../node_modules/react-native-vector-icons/Fonts/Feather.ttf",
				"${PODS_ROOT}/../../node_modules/react-native-vector-icons/Fonts/FontAwesome.ttf",
				"${PODS_ROOT}/../../node_modules/react-native-vector-icons/Fonts/FontAwesome5_Brands.ttf",
				"${PODS_ROOT}/../../node_modules/react-native-vector-icons/Fonts/FontAwesome5_Regular.ttf",
				"${PODS_ROOT}/../../node_modules/react-native-vector-icons/Fonts/FontAwesome5_Solid.ttf",
				"${PODS_ROOT}/../../node_modules/react-native-vector-icons/Fonts/Fontisto.ttf",
				"${PODS_ROOT}/../../node_modules/react-native-vector-icons/Fonts/Foundation.ttf",
				"${PODS_ROOT}/../../node_modules/react-native-vector-icons/Fonts/Ionicons.ttf",
				"${PODS_ROOT}/../../node_modules/react-native-vector-icons/Fonts/MaterialCommunityIcons.ttf",
				"${PODS_ROOT}/../../node_modules/react-native-vector-icons/Fonts/MaterialIcons.ttf",
				"${PODS_ROOT}/../../node_modules/react-native-vector-icons/Fonts/Octicons.ttf",
				"${PODS_ROOT}/../../node_modules/react-native-vector-icons/Fonts/SimpleLineIcons.ttf",
				"${PODS_ROOT}/../../node_modules/react-native-vector-icons/Fonts/Zocial.ttf",
			);
			name = "[CP] Copy Pods Resources";
			outputPaths = (
				"${TARGET_BUILD_DIR}/${UNLOCALIZED_RESOURCES_FOLDER_PATH}/AntDesign.ttf",
				"${TARGET_BUILD_DIR}/${UNLOCALIZED_RESOURCES_FOLDER_PATH}/Entypo.ttf",
				"${TARGET_BUILD_DIR}/${UNLOCALIZED_RESOURCES_FOLDER_PATH}/EvilIcons.ttf",
				"${TARGET_BUILD_DIR}/${UNLOCALIZED_RESOURCES_FOLDER_PATH}/Feather.ttf",
				"${TARGET_BUILD_DIR}/${UNLOCALIZED_RESOURCES_FOLDER_PATH}/FontAwesome.ttf",
				"${TARGET_BUILD_DIR}/${UNLOCALIZED_RESOURCES_FOLDER_PATH}/FontAwesome5_Brands.ttf",
				"${TARGET_BUILD_DIR}/${UNLOCALIZED_RESOURCES_FOLDER_PATH}/FontAwesome5_Regular.ttf",
				"${TARGET_BUILD_DIR}/${UNLOCALIZED_RESOURCES_FOLDER_PATH}/FontAwesome5_Solid.ttf",
				"${TARGET_BUILD_DIR}/${UNLOCALIZED_RESOURCES_FOLDER_PATH}/Fontisto.ttf",
				"${TARGET_BUILD_DIR}/${UNLOCALIZED_RESOURCES_FOLDER_PATH}/Foundation.ttf",
				"${TARGET_BUILD_DIR}/${UNLOCALIZED_RESOURCES_FOLDER_PATH}/Ionicons.ttf",
				"${TARGET_BUILD_DIR}/${UNLOCALIZED_RESOURCES_FOLDER_PATH}/MaterialCommunityIcons.ttf",
				"${TARGET_BUILD_DIR}/${UNLOCALIZED_RESOURCES_FOLDER_PATH}/MaterialIcons.ttf",
				"${TARGET_BUILD_DIR}/${UNLOCALIZED_RESOURCES_FOLDER_PATH}/Octicons.ttf",
				"${TARGET_BUILD_DIR}/${UNLOCALIZED_RESOURCES_FOLDER_PATH}/SimpleLineIcons.ttf",
				"${TARGET_BUILD_DIR}/${UNLOCALIZED_RESOURCES_FOLDER_PATH}/Zocial.ttf",
			);
			runOnlyForDeploymentPostprocessing = 0;
			shellPath = /bin/sh;
			shellScript = "\"${PODS_ROOT}/Target Support Files/Pods-uPortMobile/Pods-uPortMobile-resources.sh\"\n";
			showEnvVarsInLog = 0;
		};
		96C5F145234B858300496176 /* Start Packager */ = {
			isa = PBXShellScriptBuildPhase;
			buildActionMask = 2147483647;
			files = (
			);
			inputFileListPaths = (
			);
			inputPaths = (
			);
			name = "Start Packager";
			outputFileListPaths = (
			);
			outputPaths = (
			);
			runOnlyForDeploymentPostprocessing = 0;
			shellPath = /bin/sh;
			shellScript = "export RCT_METRO_PORT=\"${RCT_METRO_PORT:=8081}\"\necho \"export RCT_METRO_PORT=${RCT_METRO_PORT}\" > \"${SRCROOT}/../node_modules/react-native/scripts/.packager.env\"\nif [ -z \"${RCT_NO_LAUNCH_PACKAGER+xxx}\" ] ; then\n  if nc -w 5 -z localhost ${RCT_METRO_PORT} ; then\n    if ! curl -s \"http://localhost:${RCT_METRO_PORT}/status\" | grep -q \"packager-status:running\" ; then\n      echo \"Port ${RCT_METRO_PORT} already in use, packager is either not running or not running correctly\"\n      exit 2\n    fi\n  else\n    open \"$SRCROOT/../node_modules/react-native/scripts/launchPackager.command\" || echo \"Can't start packager automatically\"\n  fi\nfi\n";
		};
		CAA4202F74D8C0BF258E3A09 /* [CP] Check Pods Manifest.lock */ = {
			isa = PBXShellScriptBuildPhase;
			buildActionMask = 2147483647;
			files = (
			);
			inputFileListPaths = (
			);
			inputPaths = (
				"${PODS_PODFILE_DIR_PATH}/Podfile.lock",
				"${PODS_ROOT}/Manifest.lock",
			);
			name = "[CP] Check Pods Manifest.lock";
			outputFileListPaths = (
			);
			outputPaths = (
				"$(DERIVED_FILE_DIR)/Pods-uPortMobile-checkManifestLockResult.txt",
			);
			runOnlyForDeploymentPostprocessing = 0;
			shellPath = /bin/sh;
			shellScript = "diff \"${PODS_PODFILE_DIR_PATH}/Podfile.lock\" \"${PODS_ROOT}/Manifest.lock\" > /dev/null\nif [ $? != 0 ] ; then\n    # print error to STDERR\n    echo \"error: The sandbox is not in sync with the Podfile.lock. Run 'pod install' or update your CocoaPods installation.\" >&2\n    exit 1\nfi\n# This output is used by Xcode 'outputs' to avoid re-running this script phase.\necho \"SUCCESS\" > \"${SCRIPT_OUTPUT_FILE_0}\"\n";
			showEnvVarsInLog = 0;
		};
/* End PBXShellScriptBuildPhase section */

/* Begin PBXSourcesBuildPhase section */
		00E356EA1AD99517003FC87E /* Sources */ = {
			isa = PBXSourcesBuildPhase;
			buildActionMask = 2147483647;
			files = (
				00E356F31AD99517003FC87E /* uPortMobileTests.m in Sources */,
				032335471F9E62BA005306F9 /* SignerTests.m in Sources */,
				030297BC2005526E008D4098 /* HDSignerTests.m in Sources */,
			);
			runOnlyForDeploymentPostprocessing = 0;
		};
		13B07F871A680F5B00A75B9A /* Sources */ = {
			isa = PBXSourcesBuildPhase;
			buildActionMask = 2147483647;
			files = (
				03459E6B1F97F372004DDC10 /* AppDelegate.m in Sources */,
				03E8E86A1FD094A600920AA2 /* RNSNS.m in Sources */,
				13B07FC11A68108700A75B9A /* main.m in Sources */,
			);
			runOnlyForDeploymentPostprocessing = 0;
		};
/* End PBXSourcesBuildPhase section */

/* Begin PBXTargetDependency section */
		00E356F51AD99517003FC87E /* PBXTargetDependency */ = {
			isa = PBXTargetDependency;
			target = 13B07F861A680F5B00A75B9A /* uPortMobile */;
			targetProxy = 00E356F41AD99517003FC87E /* PBXContainerItemProxy */;
		};
/* End PBXTargetDependency section */

/* Begin PBXVariantGroup section */
		13B07FB11A68108700A75B9A /* LaunchScreen.xib */ = {
			isa = PBXVariantGroup;
			children = (
				13B07FB21A68108700A75B9A /* Base */,
			);
			name = LaunchScreen.xib;
			path = uPortMobile;
			sourceTree = "<group>";
		};
		9645632E21CBC6B100FC1C48 /* Launch.storyboard */ = {
			isa = PBXVariantGroup;
			children = (
				9645632F21CBC6B100FC1C48 /* Base */,
			);
			name = Launch.storyboard;
			sourceTree = "<group>";
		};
/* End PBXVariantGroup section */

/* Begin XCBuildConfiguration section */
		00E356F61AD99517003FC87E /* Debug */ = {
			isa = XCBuildConfiguration;
			baseConfigurationReference = C660218B00BD5D5D097ED656 /* Pods-uPortMobileTests.debug.xcconfig */;
			buildSettings = {
				BUNDLE_LOADER = "$(TEST_HOST)";
				CODE_SIGN_IDENTITY = "iPhone Developer";
				"CODE_SIGN_IDENTITY[sdk=iphoneos*]" = "iPhone Developer";
				CODE_SIGN_STYLE = Manual;
				DEVELOPMENT_TEAM = 82SAVLYZ3K;
				FRAMEWORK_SEARCH_PATHS = (
					"$(inherited)",
					"$(PROJECT_DIR)",
				);
				GCC_PREPROCESSOR_DEFINITIONS = (
					"DEBUG=1",
					"$(inherited)",
				);
				HEADER_SEARCH_PATHS = (
					"$(inherited)",
					"$(SRCROOT)/../node_modules/react-native-fcm/ios",
					"$(SRCROOT)/../node_modules/react-native-firebase/ios/RNFirebase/**",
				);
				INFOPLIST_FILE = uPortMobileTests/Info.plist;
				IPHONEOS_DEPLOYMENT_TARGET = 9.3;
				LD_RUNPATH_SEARCH_PATHS = "$(inherited) @executable_path/Frameworks @loader_path/Frameworks";
				LIBRARY_SEARCH_PATHS = (
					"$(inherited)",
					"$(PROJECT_DIR)/OpenSSL-Universal/lib-ios",
				);
				OTHER_LDFLAGS = (
					"$(inherited)",
					"-lc++",
				);
				PRODUCT_BUNDLE_IDENTIFIER = "org.reactjs.native.example.$(PRODUCT_NAME:rfc1034identifier)";
				PRODUCT_NAME = "$(TARGET_NAME)";
				PROVISIONING_PROFILE_SPECIFIER = "";
				TEST_HOST = "$(BUILT_PRODUCTS_DIR)/uPort.app/uPort";
			};
			name = Debug;
		};
		00E356F71AD99517003FC87E /* Release */ = {
			isa = XCBuildConfiguration;
			baseConfigurationReference = 040ED473DFF6F76B6ECF7F5C /* Pods-uPortMobileTests.release.xcconfig */;
			buildSettings = {
				BUNDLE_LOADER = "$(TEST_HOST)";
				CODE_SIGN_IDENTITY = "iPhone Developer";
				"CODE_SIGN_IDENTITY[sdk=iphoneos*]" = "iPhone Developer";
				CODE_SIGN_STYLE = Manual;
				COPY_PHASE_STRIP = NO;
				DEVELOPMENT_TEAM = 82SAVLYZ3K;
				FRAMEWORK_SEARCH_PATHS = (
					"$(inherited)",
					"$(PROJECT_DIR)",
				);
				HEADER_SEARCH_PATHS = (
					"$(inherited)",
					"$(SRCROOT)/../node_modules/react-native-fcm/ios",
					"$(SRCROOT)/../node_modules/react-native-firebase/ios/RNFirebase/**",
				);
				INFOPLIST_FILE = uPortMobileTests/Info.plist;
				IPHONEOS_DEPLOYMENT_TARGET = 9.3;
				LD_RUNPATH_SEARCH_PATHS = "$(inherited) @executable_path/Frameworks @loader_path/Frameworks";
				LIBRARY_SEARCH_PATHS = (
					"$(inherited)",
					"$(PROJECT_DIR)/OpenSSL-Universal/lib-ios",
				);
				OTHER_LDFLAGS = (
					"$(inherited)",
					"-lc++",
				);
				PRODUCT_BUNDLE_IDENTIFIER = "org.reactjs.native.example.$(PRODUCT_NAME:rfc1034identifier)";
				PRODUCT_NAME = "$(TARGET_NAME)";
				PROVISIONING_PROFILE_SPECIFIER = "";
				TEST_HOST = "$(BUILT_PRODUCTS_DIR)/uPort.app/uPort";
			};
			name = Release;
		};
		13B07F941A680F5B00A75B9A /* Debug */ = {
			isa = XCBuildConfiguration;
			baseConfigurationReference = 8A2A4D5B51F89E9C74448019 /* Pods-uPortMobile.debug.xcconfig */;
			buildSettings = {
				ASSETCATALOG_COMPILER_APPICON_NAME = AppIcon;
				CLANG_ENABLE_MODULES = YES;
				CODE_SIGN_ENTITLEMENTS = uPortMobile/uPort.entitlements;
				CODE_SIGN_IDENTITY = "iPhone Distribution";
				"CODE_SIGN_IDENTITY[sdk=iphoneos*]" = "iPhone Developer";
				CODE_SIGN_STYLE = Manual;
				COPY_HEADERS_RUN_UNIFDEF = NO;
				CURRENT_PROJECT_VERSION = 478;
				DEAD_CODE_STRIPPING = NO;
				DEVELOPMENT_TEAM = 82SAVLYZ3K;
				ENABLE_BITCODE = NO;
				FRAMEWORK_SEARCH_PATHS = (
					"$(inherited)",
					"$(PROJECT_DIR)",
				);
				HEADER_SEARCH_PATHS = (
					"$(inherited)",
					/Applications/Xcode.app/Contents/Developer/Toolchains/XcodeDefault.xctoolchain/usr/include,
					"$(SRCROOT)/../node_modules/react-native/React/**",
					"$(SRCROOT)/../node_modules/react-native/Libraries/**",
					"$(SRCROOT)/../node_modules/react-native-camera/ios",
					"$(SRCROOT)/../node_modules/react-native-passcode-auth",
					"$(SRCROOT)/../node_modules/react-native-randombytes",
					"$(SRCROOT)/../node_modules/react-native-touch-id",
					"$(SRCROOT)/../node_modules/react-native-image-picker/ios/**",
					"$(SRCROOT)/../node_modules/react-native-permissions/**",
					"$(SRCROOT)/../node_modules/react-native-vector-icons/RNVectorIconsManager",
					"$(SRCROOT)/../node_modules/rn-fetch-blob/ios/**",
					"$(SRCROOT)/../node_modules/react-native-device-info/RNDeviceInfo",
					"$(SRCROOT)/../node_modules/react-native/Libraries/PushNotificationIOS/**",
					"$(SRCROOT)/../node_modules/react-native-intercom/iOS",
					"$(SRCROOT)/../node_modules/react-native-navigation/ios/**",
					"$(BUILT_PRODUCTS_DIR)/usr/local/include/**",
					"${PODS_DEV_ROOT}/React/**",
					"$(SRCROOT)/../node_modules/react-native-fcm/ios",
					"$(SRCROOT)/OpenSSL-Universal/include-ios/**",
					"$(SRCROOT)/../node_modules/react-native-firebase/ios/RNFirebase/**",
				);
				INFOPLIST_FILE = uPortMobile/Info.plist;
				IPHONEOS_DEPLOYMENT_TARGET = 9.3;
				LD_RUNPATH_SEARCH_PATHS = "$(inherited) @executable_path/Frameworks";
				LIBRARY_SEARCH_PATHS = "$(inherited)";
				OTHER_LDFLAGS = (
					"$(inherited)",
					"-ObjC",
					"-lc++",
				);
				OTHER_SWIFT_FLAGS = "$(inherited) -D DEBUG";
				PRODUCT_BUNDLE_IDENTIFIER = me.uport;
				PRODUCT_NAME = uPort;
				PROVISIONING_PROFILE = "d3940d33-32e7-4100-845f-8af85be559aa";
				PROVISIONING_PROFILE_SPECIFIER = "match Development me.uport";
				SWIFT_OBJC_BRIDGING_HEADER = "uPortMobile-Bridging-Header.h";
				SWIFT_OPTIMIZATION_LEVEL = "-Onone";
				SWIFT_VERSION = 4.0;
				TARGETED_DEVICE_FAMILY = "1,2";
				VERSIONING_SYSTEM = "apple-generic";
			};
			name = Debug;
		};
		13B07F951A680F5B00A75B9A /* Release */ = {
			isa = XCBuildConfiguration;
			baseConfigurationReference = 53BD4E777702EEA4E75A4EFB /* Pods-uPortMobile.release.xcconfig */;
			buildSettings = {
				ASSETCATALOG_COMPILER_APPICON_NAME = AppIcon;
				CLANG_ENABLE_MODULES = YES;
				CODE_SIGN_ENTITLEMENTS = uPortMobile/uPort.entitlements;
				CODE_SIGN_IDENTITY = "iPhone Distribution: Consensus Systems LLC (82SAVLYZ3K)";
				"CODE_SIGN_IDENTITY[sdk=iphoneos*]" = "iPhone Distribution";
				CODE_SIGN_STYLE = Manual;
				COPY_HEADERS_RUN_UNIFDEF = NO;
				CURRENT_PROJECT_VERSION = 478;
				DEVELOPMENT_TEAM = 82SAVLYZ3K;
				ENABLE_BITCODE = NO;
				FRAMEWORK_SEARCH_PATHS = (
					"$(inherited)",
					"$(PROJECT_DIR)",
				);
				HEADER_SEARCH_PATHS = (
					"$(inherited)",
					/Applications/Xcode.app/Contents/Developer/Toolchains/XcodeDefault.xctoolchain/usr/include,
					"$(SRCROOT)/../node_modules/react-native/React/**",
					"$(SRCROOT)/../node_modules/react-native/Libraries/**",
					"$(SRCROOT)/../node_modules/react-native-camera/ios",
					"$(SRCROOT)/../node_modules/react-native-passcode-auth",
					"$(SRCROOT)/../node_modules/react-native-randombytes",
					"$(SRCROOT)/../node_modules/react-native-touch-id",
					"$(SRCROOT)/../node_modules/react-native-image-picker/ios/**",
					"$(SRCROOT)/../node_modules/react-native-permissions/**",
					"$(SRCROOT)/../node_modules/react-native-vector-icons/RNVectorIconsManager",
					"$(SRCROOT)/../node_modules/rn-fetch-blob/ios/**",
					"$(SRCROOT)/../node_modules/react-native-device-info/RNDeviceInfo",
					"$(SRCROOT)/../node_modules/react-native/Libraries/PushNotificationIOS/**",
					"$(SRCROOT)/../node_modules/react-native-intercom/iOS",
					"$(SRCROOT)/../node_modules/react-native-navigation/ios/**",
					"$(BUILT_PRODUCTS_DIR)/usr/local/include/**",
					"${PODS_DEV_ROOT}/React/**",
					"$(SRCROOT)/../node_modules/react-native-fcm/ios",
					"$(SRCROOT)/OpenSSL-Universal/include-ios/**",
					"$(SRCROOT)/../node_modules/react-native-firebase/ios/RNFirebase/**",
				);
				INFOPLIST_FILE = uPortMobile/Info.plist;
				IPHONEOS_DEPLOYMENT_TARGET = 9.3;
				LD_RUNPATH_SEARCH_PATHS = "$(inherited) @executable_path/Frameworks";
				LIBRARY_SEARCH_PATHS = "$(inherited)";
				OTHER_LDFLAGS = (
					"$(inherited)",
					"-ObjC",
					"-lc++",
				);
				PRODUCT_BUNDLE_IDENTIFIER = me.uport;
				PRODUCT_NAME = uPort;
				PROVISIONING_PROFILE = "6d9998b0-aea7-40d9-8599-d9ed4f4b8035";
				PROVISIONING_PROFILE_SPECIFIER = "match AppStore me.uport";
				SWIFT_OBJC_BRIDGING_HEADER = "uPortMobile-Bridging-Header.h";
				SWIFT_VERSION = 4.0;
				TARGETED_DEVICE_FAMILY = "1,2";
				VERSIONING_SYSTEM = "apple-generic";
			};
			name = Release;
		};
		83CBBA201A601CBA00E9B192 /* Debug */ = {
			isa = XCBuildConfiguration;
			buildSettings = {
				ALWAYS_SEARCH_USER_PATHS = NO;
				CLANG_CXX_LANGUAGE_STANDARD = "gnu++0x";
				CLANG_CXX_LIBRARY = "libc++";
				CLANG_ENABLE_MODULES = YES;
				CLANG_ENABLE_OBJC_ARC = YES;
				CLANG_WARN_BLOCK_CAPTURE_AUTORELEASING = YES;
				CLANG_WARN_BOOL_CONVERSION = YES;
				CLANG_WARN_COMMA = YES;
				CLANG_WARN_CONSTANT_CONVERSION = YES;
				CLANG_WARN_DEPRECATED_OBJC_IMPLEMENTATIONS = YES;
				CLANG_WARN_DIRECT_OBJC_ISA_USAGE = YES_ERROR;
				CLANG_WARN_EMPTY_BODY = YES;
				CLANG_WARN_ENUM_CONVERSION = YES;
				CLANG_WARN_INFINITE_RECURSION = YES;
				CLANG_WARN_INT_CONVERSION = YES;
				CLANG_WARN_NON_LITERAL_NULL_CONVERSION = YES;
				CLANG_WARN_OBJC_IMPLICIT_RETAIN_SELF = YES;
				CLANG_WARN_OBJC_LITERAL_CONVERSION = YES;
				CLANG_WARN_OBJC_ROOT_CLASS = YES_ERROR;
				CLANG_WARN_RANGE_LOOP_ANALYSIS = YES;
				CLANG_WARN_STRICT_PROTOTYPES = YES;
				CLANG_WARN_SUSPICIOUS_MOVE = YES;
				CLANG_WARN_UNREACHABLE_CODE = YES;
				CLANG_WARN__DUPLICATE_METHOD_MATCH = YES;
				CODE_SIGN_IDENTITY = "iPhone Developer";
				"CODE_SIGN_IDENTITY[sdk=iphoneos*]" = "iPhone Distribution: Pelle Braendgaard (FM6299SY8L)";
				COPY_PHASE_STRIP = NO;
				DEFINES_MODULE = YES;
				ENABLE_STRICT_OBJC_MSGSEND = YES;
				ENABLE_TESTABILITY = YES;
				GCC_C_LANGUAGE_STANDARD = gnu99;
				GCC_DYNAMIC_NO_PIC = NO;
				GCC_NO_COMMON_BLOCKS = YES;
				GCC_OPTIMIZATION_LEVEL = 0;
				GCC_PREPROCESSOR_DEFINITIONS = (
					"DEBUG=1",
					"$(inherited)",
				);
				GCC_SYMBOLS_PRIVATE_EXTERN = NO;
				GCC_WARN_64_TO_32_BIT_CONVERSION = YES;
				GCC_WARN_ABOUT_RETURN_TYPE = YES_ERROR;
				GCC_WARN_UNDECLARED_SELECTOR = YES;
				GCC_WARN_UNINITIALIZED_AUTOS = YES_AGGRESSIVE;
				GCC_WARN_UNUSED_FUNCTION = YES;
				GCC_WARN_UNUSED_VARIABLE = YES;
				HEADER_SEARCH_PATHS = (
					"$(inherited)",
					/Applications/Xcode.app/Contents/Developer/Toolchains/XcodeDefault.xctoolchain/usr/include,
					"$(SRCROOT)/../node_modules/react-native/React/**",
					"$(SRCROOT)/../node_modules/react-native/Libraries/**",
					"$(SRCROOT)/../node_modules/react-native-camera/ios",
					"$(SRCROOT)/../node_modules/react-native-passcode-auth",
					"$(SRCROOT)/../node_modules/react-native-randombytes",
					"$(SRCROOT)/../node_modules/react-native-touch-id",
					"$(SRCROOT)/../node_modules/react-native-image-picker/ios/**",
					"$(SRCROOT)/../node_modules/react-native-permissions/**",
					"$(SRCROOT)/../node_modules/react-native-vector-icons/RNVectorIconsManager",
					"$(SRCROOT)/../node_modules/rn-fetch-blob/ios/**",
					"$(SRCROOT)/../node_modules/react-native-device-info/RNDeviceInfo",
					"$(SRCROOT)/../node_modules/react-native-intercom/iOS",
				);
				IPHONEOS_DEPLOYMENT_TARGET = 8.2;
				MTL_ENABLE_DEBUG_INFO = YES;
				ONLY_ACTIVE_ARCH = YES;
				PROVISIONING_PROFILE = "";
				SDKROOT = iphoneos;
			};
			name = Debug;
		};
		83CBBA211A601CBA00E9B192 /* Release */ = {
			isa = XCBuildConfiguration;
			buildSettings = {
				ALWAYS_SEARCH_USER_PATHS = NO;
				CLANG_CXX_LANGUAGE_STANDARD = "gnu++0x";
				CLANG_CXX_LIBRARY = "libc++";
				CLANG_ENABLE_MODULES = YES;
				CLANG_ENABLE_OBJC_ARC = YES;
				CLANG_WARN_BLOCK_CAPTURE_AUTORELEASING = YES;
				CLANG_WARN_BOOL_CONVERSION = YES;
				CLANG_WARN_COMMA = YES;
				CLANG_WARN_CONSTANT_CONVERSION = YES;
				CLANG_WARN_DEPRECATED_OBJC_IMPLEMENTATIONS = YES;
				CLANG_WARN_DIRECT_OBJC_ISA_USAGE = YES_ERROR;
				CLANG_WARN_EMPTY_BODY = YES;
				CLANG_WARN_ENUM_CONVERSION = YES;
				CLANG_WARN_INFINITE_RECURSION = YES;
				CLANG_WARN_INT_CONVERSION = YES;
				CLANG_WARN_NON_LITERAL_NULL_CONVERSION = YES;
				CLANG_WARN_OBJC_IMPLICIT_RETAIN_SELF = YES;
				CLANG_WARN_OBJC_LITERAL_CONVERSION = YES;
				CLANG_WARN_OBJC_ROOT_CLASS = YES_ERROR;
				CLANG_WARN_RANGE_LOOP_ANALYSIS = YES;
				CLANG_WARN_STRICT_PROTOTYPES = YES;
				CLANG_WARN_SUSPICIOUS_MOVE = YES;
				CLANG_WARN_UNREACHABLE_CODE = YES;
				CLANG_WARN__DUPLICATE_METHOD_MATCH = YES;
				CODE_SIGN_IDENTITY = "iPhone Distribution";
				"CODE_SIGN_IDENTITY[sdk=iphoneos*]" = "iPhone Distribution: Pelle Braendgaard (FM6299SY8L)";
				COPY_PHASE_STRIP = YES;
				DEFINES_MODULE = YES;
				ENABLE_NS_ASSERTIONS = NO;
				ENABLE_STRICT_OBJC_MSGSEND = YES;
				GCC_C_LANGUAGE_STANDARD = gnu99;
				GCC_NO_COMMON_BLOCKS = YES;
				GCC_WARN_64_TO_32_BIT_CONVERSION = YES;
				GCC_WARN_ABOUT_RETURN_TYPE = YES_ERROR;
				GCC_WARN_UNDECLARED_SELECTOR = YES;
				GCC_WARN_UNINITIALIZED_AUTOS = YES_AGGRESSIVE;
				GCC_WARN_UNUSED_FUNCTION = YES;
				GCC_WARN_UNUSED_VARIABLE = YES;
				HEADER_SEARCH_PATHS = (
					"$(inherited)",
					/Applications/Xcode.app/Contents/Developer/Toolchains/XcodeDefault.xctoolchain/usr/include,
					"$(SRCROOT)/../node_modules/react-native/React/**",
					"$(SRCROOT)/../node_modules/react-native/Libraries/**",
					"$(SRCROOT)/../node_modules/react-native-camera/ios",
					"$(SRCROOT)/../node_modules/react-native-passcode-auth",
					"$(SRCROOT)/../node_modules/react-native-randombytes",
					"$(SRCROOT)/../node_modules/react-native-touch-id",
					"$(SRCROOT)/../node_modules/react-native-image-picker/ios/**",
					"$(SRCROOT)/../node_modules/react-native-permissions/**",
					"$(SRCROOT)/../node_modules/react-native-vector-icons/RNVectorIconsManager",
					"$(SRCROOT)/../node_modules/rn-fetch-blob/ios/**",
					"$(SRCROOT)/../node_modules/react-native-device-info/RNDeviceInfo",
					"$(SRCROOT)/../node_modules/react-native-intercom/iOS",
				);
				IPHONEOS_DEPLOYMENT_TARGET = 8.2;
				MTL_ENABLE_DEBUG_INFO = NO;
				PROVISIONING_PROFILE = "";
				SDKROOT = iphoneos;
				VALIDATE_PRODUCT = YES;
			};
			name = Release;
		};
/* End XCBuildConfiguration section */

/* Begin XCConfigurationList section */
		00E357021AD99517003FC87E /* Build configuration list for PBXNativeTarget "uPortMobileTests" */ = {
			isa = XCConfigurationList;
			buildConfigurations = (
				00E356F61AD99517003FC87E /* Debug */,
				00E356F71AD99517003FC87E /* Release */,
			);
			defaultConfigurationIsVisible = 0;
			defaultConfigurationName = Release;
		};
		13B07F931A680F5B00A75B9A /* Build configuration list for PBXNativeTarget "uPortMobile" */ = {
			isa = XCConfigurationList;
			buildConfigurations = (
				13B07F941A680F5B00A75B9A /* Debug */,
				13B07F951A680F5B00A75B9A /* Release */,
			);
			defaultConfigurationIsVisible = 0;
			defaultConfigurationName = Release;
		};
		83CBB9FA1A601CBA00E9B192 /* Build configuration list for PBXProject "uPortMobile" */ = {
			isa = XCConfigurationList;
			buildConfigurations = (
				83CBBA201A601CBA00E9B192 /* Debug */,
				83CBBA211A601CBA00E9B192 /* Release */,
			);
			defaultConfigurationIsVisible = 0;
			defaultConfigurationName = Release;
		};
/* End XCConfigurationList section */
	};
	rootObject = 83CBB9F71A601CBA00E9B192 /* Project object */;
}
